{
  "name": "learn-python",
  "lockfileVersion": 3,
  "requires": true,
  "packages": {
    "": {
      "dependencies": {
        "countup": "^1.8.2"
      }
    },
    "node_modules/countup": {
      "version": "1.8.2",
      "resolved": "https://registry.npmmirror.com/countup/-/countup-1.8.2.tgz",
      "integrity": "sha512-1qOuy+h+dgLY4TroLb4ZC2hK7HYS2Z7mnSUvdzoYAU7EZbqOse1mKZta/KYPhDPfd9lPDyP3Tb4pH6a10RkoCw=="
    }
  }
}
